
Microsoft Visual Studio Solution File, Format Version 12.00
# Visual Studio Version 16
VisualStudioVersion = 16.0.808.8
MinimumVisualStudioVersion = 10.0.40219.1
Project("{FAE04EC0-301F-11D3-BF4B-00C04F79EFBC}") = "FavoriteMockup.Android", "FavoriteMockup.Android\FavoriteMockup.Android.csproj", "{1C0A4D64-C99F-4755-BD68-B9497647E07D}"
EndProject
Project("{FAE04EC0-301F-11D3-BF4B-00C04F79EFBC}") = "FavoriteMockup.iOS", "FavoriteMockup.iOS\FavoriteMockup.iOS.csproj", "{B8961A4A-92C7-45C4-AF89-15AD0BE3BD8E}"
EndProject
Project("{FAE04EC0-301F-11D3-BF4B-00C04F79EFBC}") = "FavoriteMockup", "FavoriteMockup\FavoriteMockup.csproj", "{CBBEF1C6-6634-4BD6-ACA7-89A36BB5C86F}"
EndProject
Global
	GlobalSection(SolutionConfigurationPlatforms) = preSolution
		Debug|Any CPU = Debug|Any CPU
		Release|Any CPU = Release|Any CPU
		Debug|iPhoneSimulator = Debug|iPhoneSimulator
		Release|iPhoneSimulator = Release|iPhoneSimulator
		Debug|iPhone = Debug|iPhone
		Release|iPhone = Release|iPhone
	EndGlobalSection
	GlobalSection(ProjectConfigurationPlatforms) = postSolution
		{1C0A4D64-C99F-4755-BD68-B9497647E07D}.Debug|Any CPU.ActiveCfg = Debug|Any CPU
		{1C0A4D64-C99F-4755-BD68-B9497647E07D}.Debug|Any CPU.Build.0 = Debug|Any CPU
		{1C0A4D64-C99F-4755-BD68-B9497647E07D}.Release|Any CPU.ActiveCfg = Release|Any CPU
		{1C0A4D64-C99F-4755-BD68-B9497647E07D}.Release|Any CPU.Build.0 = Release|Any CPU
		{1C0A4D64-C99F-4755-BD68-B9497647E07D}.Debug|iPhoneSimulator.ActiveCfg = Debug|Any CPU
		{1C0A4D64-C99F-4755-BD68-B9497647E07D}.Debug|iPhoneSimulator.Build.0 = Debug|Any CPU
		{1C0A4D64-C99F-4755-BD68-B9497647E07D}.Release|iPhoneSimulator.ActiveCfg = Release|Any CPU
		{1C0A4D64-C99F-4755-BD68-B9497647E07D}.Release|iPhoneSimulator.Build.0 = Release|Any CPU
		{1C0A4D64-C99F-4755-BD68-B9497647E07D}.Debug|iPhone.ActiveCfg = Debug|Any CPU
		{1C0A4D64-C99F-4755-BD68-B9497647E07D}.Debug|iPhone.Build.0 = Debug|Any CPU
		{1C0A4D64-C99F-4755-BD68-B9497647E07D}.Release|iPhone.ActiveCfg = Release|Any CPU
		{1C0A4D64-C99F-4755-BD68-B9497647E07D}.Release|iPhone.Build.0 = Release|Any CPU
		{B8961A4A-92C7-45C4-AF89-15AD0BE3BD8E}.Debug|Any CPU.ActiveCfg = Debug|iPhoneSimulator
		{B8961A4A-92C7-45C4-AF89-15AD0BE3BD8E}.Debug|Any CPU.Build.0 = Debug|iPhoneSimulator
		{B8961A4A-92C7-45C4-AF89-15AD0BE3BD8E}.Release|Any CPU.ActiveCfg = Release|iPhoneSimulator
		{B8961A4A-92C7-45C4-AF89-15AD0BE3BD8E}.Release|Any CPU.Build.0 = Release|iPhoneSimulator
		{B8961A4A-92C7-45C4-AF89-15AD0BE3BD8E}.Debug|iPhoneSimulator.ActiveCfg = Debug|iPhoneSimulator
		{B8961A4A-92C7-45C4-AF89-15AD0BE3BD8E}.Debug|iPhoneSimulator.Build.0 = Debug|iPhoneSimulator
		{B8961A4A-92C7-45C4-AF89-15AD0BE3BD8E}.Release|iPhoneSimulator.ActiveCfg = Release|iPhoneSimulator
		{B8961A4A-92C7-45C4-AF89-15AD0BE3BD8E}.Release|iPhoneSimulator.Build.0 = Release|iPhoneSimulator
		{B8961A4A-92C7-45C4-AF89-15AD0BE3BD8E}.Debug|iPhone.ActiveCfg = Debug|iPhone
		{B8961A4A-92C7-45C4-AF89-15AD0BE3BD8E}.Debug|iPhone.Build.0 = Debug|iPhone
		{B8961A4A-92C7-45C4-AF89-15AD0BE3BD8E}.Release|iPhone.ActiveCfg = Release|iPhone
		{B8961A4A-92C7-45C4-AF89-15AD0BE3BD8E}.Release|iPhone.Build.0 = Release|iPhone
		{CBBEF1C6-6634-4BD6-ACA7-89A36BB5C86F}.Debug|Any CPU.ActiveCfg = Debug|Any CPU
		{CBBEF1C6-6634-4BD6-ACA7-89A36BB5C86F}.Debug|Any CPU.Build.0 = Debug|Any CPU
		{CBBEF1C6-6634-4BD6-ACA7-89A36BB5C86F}.Release|Any CPU.ActiveCfg = Release|Any CPU
		{CBBEF1C6-6634-4BD6-ACA7-89A36BB5C86F}.Release|Any CPU.Build.0 = Release|Any CPU
		{CBBEF1C6-6634-4BD6-ACA7-89A36BB5C86F}.Debug|iPhoneSimulator.ActiveCfg = Debug|Any CPU
		{CBBEF1C6-6634-4BD6-ACA7-89A36BB5C86F}.Debug|iPhoneSimulator.Build.0 = Debug|Any CPU
		{CBBEF1C6-6634-4BD6-ACA7-89A36BB5C86F}.Release|iPhoneSimulator.ActiveCfg = Release|Any CPU
		{CBBEF1C6-6634-4BD6-ACA7-89A36BB5C86F}.Release|iPhoneSimulator.Build.0 = Release|Any CPU
		{CBBEF1C6-6634-4BD6-ACA7-89A36BB5C86F}.Debug|iPhone.ActiveCfg = Debug|Any CPU
		{CBBEF1C6-6634-4BD6-ACA7-89A36BB5C86F}.Debug|iPhone.Build.0 = Debug|Any CPU
		{CBBEF1C6-6634-4BD6-ACA7-89A36BB5C86F}.Release|iPhone.ActiveCfg = Release|Any CPU
		{CBBEF1C6-6634-4BD6-ACA7-89A36BB5C86F}.Release|iPhone.Build.0 = Release|Any CPU
	EndGlobalSection
	GlobalSection(SolutionProperties) = preSolution
		HideSolutionNode = FALSE
	EndGlobalSection
	GlobalSection(ExtensibilityGlobals) = postSolution
		SolutionGuid = {D2DB184B-C3C5-4693-831C-ED3859BAF1AB}
	EndGlobalSection
EndGlobal
